
Microsoft Visual Studio Solution File, Format Version 12.00
# Visual Studio 15
VisualStudioVersion = 15.0.28307.757
MinimumVisualStudioVersion = 10.0.40219.1
Project("{FAE04EC0-301F-11D3-BF4B-00C04F79EFBC}") = "block game", "block game\block game.csproj", "{6B0AD2DB-CBBE-4A8D-9FA6-DA79A18927F5}"
EndProject
Global
	GlobalSection(SolutionConfigurationPlatforms) = preSolution
		Debug|Any CPU = Debug|Any CPU
		Release|Any CPU = Release|Any CPU
	EndGlobalSection
	GlobalSection(ProjectConfigurationPlatforms) = postSolution
		{6B0AD2DB-CBBE-4A8D-9FA6-DA79A18927F5}.Debug|Any CPU.ActiveCfg = Debug|Any CPU
		{6B0AD2DB-CBBE-4A8D-9FA6-DA79A18927F5}.Debug|Any CPU.Build.0 = Debug|Any CPU
		{6B0AD2DB-CBBE-4A8D-9FA6-DA79A18927F5}.Release|Any CPU.ActiveCfg = Release|Any CPU
		{6B0AD2DB-CBBE-4A8D-9FA6-DA79A18927F5}.Release|Any CPU.Build.0 = Release|Any CPU
	EndGlobalSection
	GlobalSection(SolutionProperties) = preSolution
		HideSolutionNode = FALSE
	EndGlobalSection
	GlobalSection(ExtensibilityGlobals) = postSolution
		SolutionGuid = {B162839B-1C13-49A6-BCBF-4E7108EC6290}
	EndGlobalSection
EndGlobal
